
Microsoft Visual Studio Solution File, Format Version 12.00
# Visual Studio 14
VisualStudioVersion = 14.0.25123.0
MinimumVisualStudioVersion = 10.0.40219.1
Project("{FAE04EC0-301F-11D3-BF4B-00C04F79EFBC}") = "CIF.Web", "CIF\CIF.Web.csproj", "{76F76ECF-F55C-41C6-94AB-E126C9B34283}"
EndProject
Project("{2150E333-8FDC-42A3-9474-1A3956D46DE8}") = "01-Front", "01-Front", "{9028E540-E7F8-4DD3-B917-B22370098F2B}"
EndProject
Project("{2150E333-8FDC-42A3-9474-1A3956D46DE8}") = "02-Business", "02-Business", "{C65F3CF7-E707-4769-9602-54DB1E91EAB3}"
EndProject
Project("{FAE04EC0-301F-11D3-BF4B-00C04F79EFBC}") = "CIF.Model", "CIF.Model\CIF.Model.csproj", "{849043AD-833D-4D1C-A8B5-11BA9483DB1C}"
EndProject
Project("{FAE04EC0-301F-11D3-BF4B-00C04F79EFBC}") = "CIF.Services", "CIF.Service\CIF.Services.csproj", "{D2791F73-86FA-4C77-907F-D7E4BF16ADB9}"
EndProject
Project("{2150E333-8FDC-42A3-9474-1A3956D46DE8}") = "03-Persistence", "03-Persistence", "{313268B9-53A6-47C7-A27A-05DE62540E75}"
EndProject
Project("{2150E333-8FDC-42A3-9474-1A3956D46DE8}") = "04-Common", "04-Common", "{4D548912-F24D-4685-A07F-78636AC6C13C}"
EndProject
Project("{2150E333-8FDC-42A3-9474-1A3956D46DE8}") = "05-Test", "05-Test", "{6BF261ED-64FD-42F7-A21E-90AC5594D816}"
EndProject
Project("{FAE04EC0-301F-11D3-BF4B-00C04F79EFBC}") = "CIF.Repositories", "CIF.Repositories\CIF.Repositories.csproj", "{39445CF0-F2A9-41A8-86E5-221004C797CA}"
EndProject
Project("{FAE04EC0-301F-11D3-BF4B-00C04F79EFBC}") = "CIF.Common.API", "CIF.Common.API\CIF.Common.API.csproj", "{76F4255C-6212-4D6F-81EE-477B3194C2E6}"
EndProject
Project("{FAE04EC0-301F-11D3-BF4B-00C04F79EFBC}") = "CIF.Test", "CIF.Test\CIF.Test.csproj", "{38B32DE4-5AD7-43A6-A921-7B41A235E3BA}"
EndProject
Global
	GlobalSection(SolutionConfigurationPlatforms) = preSolution
		Debug|Any CPU = Debug|Any CPU
		Release|Any CPU = Release|Any CPU
	EndGlobalSection
	GlobalSection(ProjectConfigurationPlatforms) = postSolution
		{76F76ECF-F55C-41C6-94AB-E126C9B34283}.Debug|Any CPU.ActiveCfg = Debug|Any CPU
		{76F76ECF-F55C-41C6-94AB-E126C9B34283}.Debug|Any CPU.Build.0 = Debug|Any CPU
		{76F76ECF-F55C-41C6-94AB-E126C9B34283}.Release|Any CPU.ActiveCfg = Release|Any CPU
		{76F76ECF-F55C-41C6-94AB-E126C9B34283}.Release|Any CPU.Build.0 = Release|Any CPU
		{849043AD-833D-4D1C-A8B5-11BA9483DB1C}.Debug|Any CPU.ActiveCfg = Debug|Any CPU
		{849043AD-833D-4D1C-A8B5-11BA9483DB1C}.Debug|Any CPU.Build.0 = Debug|Any CPU
		{849043AD-833D-4D1C-A8B5-11BA9483DB1C}.Release|Any CPU.ActiveCfg = Release|Any CPU
		{849043AD-833D-4D1C-A8B5-11BA9483DB1C}.Release|Any CPU.Build.0 = Release|Any CPU
		{D2791F73-86FA-4C77-907F-D7E4BF16ADB9}.Debug|Any CPU.ActiveCfg = Debug|Any CPU
		{D2791F73-86FA-4C77-907F-D7E4BF16ADB9}.Debug|Any CPU.Build.0 = Debug|Any CPU
		{D2791F73-86FA-4C77-907F-D7E4BF16ADB9}.Release|Any CPU.ActiveCfg = Release|Any CPU
		{D2791F73-86FA-4C77-907F-D7E4BF16ADB9}.Release|Any CPU.Build.0 = Release|Any CPU
		{39445CF0-F2A9-41A8-86E5-221004C797CA}.Debug|Any CPU.ActiveCfg = Debug|Any CPU
		{39445CF0-F2A9-41A8-86E5-221004C797CA}.Debug|Any CPU.Build.0 = Debug|Any CPU
		{39445CF0-F2A9-41A8-86E5-221004C797CA}.Release|Any CPU.ActiveCfg = Release|Any CPU
		{39445CF0-F2A9-41A8-86E5-221004C797CA}.Release|Any CPU.Build.0 = Release|Any CPU
		{76F4255C-6212-4D6F-81EE-477B3194C2E6}.Debug|Any CPU.ActiveCfg = Debug|Any CPU
		{76F4255C-6212-4D6F-81EE-477B3194C2E6}.Debug|Any CPU.Build.0 = Debug|Any CPU
		{76F4255C-6212-4D6F-81EE-477B3194C2E6}.Release|Any CPU.ActiveCfg = Release|Any CPU
		{76F4255C-6212-4D6F-81EE-477B3194C2E6}.Release|Any CPU.Build.0 = Release|Any CPU
		{38B32DE4-5AD7-43A6-A921-7B41A235E3BA}.Debug|Any CPU.ActiveCfg = Debug|Any CPU
		{38B32DE4-5AD7-43A6-A921-7B41A235E3BA}.Debug|Any CPU.Build.0 = Debug|Any CPU
		{38B32DE4-5AD7-43A6-A921-7B41A235E3BA}.Release|Any CPU.ActiveCfg = Release|Any CPU
		{38B32DE4-5AD7-43A6-A921-7B41A235E3BA}.Release|Any CPU.Build.0 = Release|Any CPU
	EndGlobalSection
	GlobalSection(SolutionProperties) = preSolution
		HideSolutionNode = FALSE
	EndGlobalSection
	GlobalSection(NestedProjects) = preSolution
		{76F76ECF-F55C-41C6-94AB-E126C9B34283} = {9028E540-E7F8-4DD3-B917-B22370098F2B}
		{849043AD-833D-4D1C-A8B5-11BA9483DB1C} = {C65F3CF7-E707-4769-9602-54DB1E91EAB3}
		{D2791F73-86FA-4C77-907F-D7E4BF16ADB9} = {C65F3CF7-E707-4769-9602-54DB1E91EAB3}
		{39445CF0-F2A9-41A8-86E5-221004C797CA} = {313268B9-53A6-47C7-A27A-05DE62540E75}
		{76F4255C-6212-4D6F-81EE-477B3194C2E6} = {4D548912-F24D-4685-A07F-78636AC6C13C}
		{38B32DE4-5AD7-43A6-A921-7B41A235E3BA} = {6BF261ED-64FD-42F7-A21E-90AC5594D816}
	EndGlobalSection
EndGlobal
